
Microsoft Visual Studio Solution File, Format Version 12.00
# Visual Studio Version 17
VisualStudioVersion = 17.11.35327.3
MinimumVisualStudioVersion = 10.0.40219.1
Project("{FAE04EC0-301F-11D3-BF4B-00C04F79EFBC}") = "Eden", "Eden\Eden.csproj", "{7B98F8BD-8B30-4C99-8FAE-5A0290EAD72B}"
EndProject
Global
	GlobalSection(SolutionConfigurationPlatforms) = preSolution
		Debug|Any CPU = Debug|Any CPU
		Release|Any CPU = Release|Any CPU
	EndGlobalSection
	GlobalSection(ProjectConfigurationPlatforms) = postSolution
		{7B98F8BD-8B30-4C99-8FAE-5A0290EAD72B}.Debug|Any CPU.ActiveCfg = Debug|Any CPU
		{7B98F8BD-8B30-4C99-8FAE-5A0290EAD72B}.Debug|Any CPU.Build.0 = Debug|Any CPU
		{7B98F8BD-8B30-4C99-8FAE-5A0290EAD72B}.Release|Any CPU.ActiveCfg = Release|Any CPU
		{7B98F8BD-8B30-4C99-8FAE-5A0290EAD72B}.Release|Any CPU.Build.0 = Release|Any CPU
	EndGlobalSection
	GlobalSection(SolutionProperties) = preSolution
		HideSolutionNode = FALSE
	EndGlobalSection
	GlobalSection(ExtensibilityGlobals) = postSolution
		SolutionGuid = {1CB406EE-0EC1-4499-9098-9DD53AD369DF}
	EndGlobalSection
EndGlobal
